// !$*UTF8*$!
{
	archiveVersion = 1;
	classes = {
	};
	objectVersion = 50;
	objects = {

/* Begin PBXBuildFile section */
		F1A708A42353C06B00CBDD12 /* Response+extensions.swift in Sources */ = {isa = PBXBuildFile; fileRef = F1A708A32353C06B00CBDD12 /* Response+extensions.swift */; };
		F1A708A62354A64000CBDD12 /* UIImageView+extensions.swift in Sources */ = {isa = PBXBuildFile; fileRef = F1A708A52354A64000CBDD12 /* UIImageView+extensions.swift */; };
		F1A708A82354AEFB00CBDD12 /* SalomeTsiramuaCV.pdf in Resources */ = {isa = PBXBuildFile; fileRef = F1A708A72354AEFA00CBDD12 /* SalomeTsiramuaCV.pdf */; };
		F1F16AB22352FD94009E4359 /* Services.swift in Sources */ = {isa = PBXBuildFile; fileRef = F1F16AB12352FD94009E4359 /* Services.swift */; };
		F1F16AB423530FC8009E4359 /* CodableModels.swift in Sources */ = {isa = PBXBuildFile; fileRef = F1F16AB323530FC8009E4359 /* CodableModels.swift */; };
		F1F16AB623538E7F009E4359 /* ExtensionTests.swift in Sources */ = {isa = PBXBuildFile; fileRef = F1F16AB523538E7F009E4359 /* ExtensionTests.swift */; };
		F1F16AB923539416009E4359 /* CVItemTests.swift in Sources */ = {isa = PBXBuildFile; fileRef = F1F16AB823539416009E4359 /* CVItemTests.swift */; };
		F1F16ABB2353B155009E4359 /* SpinnerViewController.swift in Sources */ = {isa = PBXBuildFile; fileRef = F1F16ABA2353B155009E4359 /* SpinnerViewController.swift */; };
		F1F16ABD2353BE4C009E4359 /* CGFloat+extension.swift in Sources */ = {isa = PBXBuildFile; fileRef = F1F16ABC2353BE4C009E4359 /* CGFloat+extension.swift */; };
		F1F16ABF2353BE6F009E4359 /* UIColor+extensions.swift in Sources */ = {isa = PBXBuildFile; fileRef = F1F16ABE2353BE6F009E4359 /* UIColor+extensions.swift */; };
		F1F5D0CC233A63FD000609A9 /* AppDelegate.swift in Sources */ = {isa = PBXBuildFile; fileRef = F1F5D0CB233A63FD000609A9 /* AppDelegate.swift */; };
		F1F5D0CE233A63FD000609A9 /* ViewController.swift in Sources */ = {isa = PBXBuildFile; fileRef = F1F5D0CD233A63FD000609A9 /* ViewController.swift */; };
		F1F5D0D1233A63FD000609A9 /* Main.storyboard in Resources */ = {isa = PBXBuildFile; fileRef = F1F5D0CF233A63FD000609A9 /* Main.storyboard */; };
		F1F5D0D3233A6400000609A9 /* Assets.xcassets in Resources */ = {isa = PBXBuildFile; fileRef = F1F5D0D2233A6400000609A9 /* Assets.xcassets */; };
		F1F5D0D6233A6400000609A9 /* LaunchScreen.storyboard in Resources */ = {isa = PBXBuildFile; fileRef = F1F5D0D4233A6400000609A9 /* LaunchScreen.storyboard */; };
		F1F5D0E1233A6400000609A9 /* CodeChallangeTests.swift in Sources */ = {isa = PBXBuildFile; fileRef = F1F5D0E0233A6400000609A9 /* CodeChallangeTests.swift */; };
		F1F5D0EC233A6400000609A9 /* CodeChallangeUITests.swift in Sources */ = {isa = PBXBuildFile; fileRef = F1F5D0EB233A6400000609A9 /* CodeChallangeUITests.swift */; };
		F1F5D0FA233A6ACB000609A9 /* CV.swift in Sources */ = {isa = PBXBuildFile; fileRef = F1F5D0F9233A6ACB000609A9 /* CV.swift */; };
		F1F5D0FC233A6CE7000609A9 /* CVViewController.swift in Sources */ = {isa = PBXBuildFile; fileRef = F1F5D0FB233A6CE7000609A9 /* CVViewController.swift */; };
		F1F5D0FE233A6CF8000609A9 /* CVViewControllerViewModel.swift in Sources */ = {isa = PBXBuildFile; fileRef = F1F5D0FD233A6CF8000609A9 /* CVViewControllerViewModel.swift */; };
		F1F5D102233A6FE0000609A9 /* CVGroupTableViewCell.swift in Sources */ = {isa = PBXBuildFile; fileRef = F1F5D101233A6FE0000609A9 /* CVGroupTableViewCell.swift */; };
		F1F5D109233A7182000609A9 /* CVItem.swift in Sources */ = {isa = PBXBuildFile; fileRef = F1F5D108233A7182000609A9 /* CVItem.swift */; };
		F1F5D10D233A71C0000609A9 /* CVItemTableViewCellContent.swift in Sources */ = {isa = PBXBuildFile; fileRef = F1F5D10C233A71C0000609A9 /* CVItemTableViewCellContent.swift */; };
		F1F5D10F233A71D9000609A9 /* CVGroupTableViewCellViewModel.swift in Sources */ = {isa = PBXBuildFile; fileRef = F1F5D10E233A71D9000609A9 /* CVGroupTableViewCellViewModel.swift */; };
		F1F5D111233A71E8000609A9 /* CVGroupTableViewContent.swift in Sources */ = {isa = PBXBuildFile; fileRef = F1F5D110233A71E8000609A9 /* CVGroupTableViewContent.swift */; };
		F1F5D114233A72DC000609A9 /* UIViewController+extensions.swift in Sources */ = {isa = PBXBuildFile; fileRef = F1F5D113233A72DC000609A9 /* UIViewController+extensions.swift */; };
		F1F5D116233A7330000609A9 /* UIView+extensions.swift in Sources */ = {isa = PBXBuildFile; fileRef = F1F5D115233A7330000609A9 /* UIView+extensions.swift */; };
		F1F5D118233BED7B000609A9 /* CVBlockItem.swift in Sources */ = {isa = PBXBuildFile; fileRef = F1F5D117233BED7B000609A9 /* CVBlockItem.swift */; };
/* End PBXBuildFile section */

/* Begin PBXContainerItemProxy section */
		F1F5D0DD233A6400000609A9 /* PBXContainerItemProxy */ = {
			isa = PBXContainerItemProxy;
			containerPortal = F1F5D0C0233A63FD000609A9 /* Project object */;
			proxyType = 1;
			remoteGlobalIDString = F1F5D0C7233A63FD000609A9;
			remoteInfo = CodeChallange;
		};
		F1F5D0E8233A6400000609A9 /* PBXContainerItemProxy */ = {
			isa = PBXContainerItemProxy;
			containerPortal = F1F5D0C0233A63FD000609A9 /* Project object */;
			proxyType = 1;
			remoteGlobalIDString = F1F5D0C7233A63FD000609A9;
			remoteInfo = CodeChallange;
		};
/* End PBXContainerItemProxy section */

/* Begin PBXFileReference section */
		F1A708A32353C06B00CBDD12 /* Response+extensions.swift */ = {isa = PBXFileReference; lastKnownFileType = sourcecode.swift; path = "Response+extensions.swift"; sourceTree = "<group>"; };
		F1A708A52354A64000CBDD12 /* UIImageView+extensions.swift */ = {isa = PBXFileReference; lastKnownFileType = sourcecode.swift; path = "UIImageView+extensions.swift"; sourceTree = "<group>"; };
		F1A708A72354AEFA00CBDD12 /* SalomeTsiramuaCV.pdf */ = {isa = PBXFileReference; lastKnownFileType = image.pdf; path = SalomeTsiramuaCV.pdf; sourceTree = "<group>"; };
		F1F16AB12352FD94009E4359 /* Services.swift */ = {isa = PBXFileReference; lastKnownFileType = sourcecode.swift; path = Services.swift; sourceTree = "<group>"; };
		F1F16AB323530FC8009E4359 /* CodableModels.swift */ = {isa = PBXFileReference; lastKnownFileType = sourcecode.swift; path = CodableModels.swift; sourceTree = "<group>"; };
		F1F16AB523538E7F009E4359 /* ExtensionTests.swift */ = {isa = PBXFileReference; lastKnownFileType = sourcecode.swift; path = ExtensionTests.swift; sourceTree = "<group>"; };
		F1F16AB823539416009E4359 /* CVItemTests.swift */ = {isa = PBXFileReference; lastKnownFileType = sourcecode.swift; path = CVItemTests.swift; sourceTree = "<group>"; };
		F1F16ABA2353B155009E4359 /* SpinnerViewController.swift */ = {isa = PBXFileReference; lastKnownFileType = sourcecode.swift; path = SpinnerViewController.swift; sourceTree = "<group>"; };
		F1F16ABC2353BE4C009E4359 /* CGFloat+extension.swift */ = {isa = PBXFileReference; lastKnownFileType = sourcecode.swift; path = "CGFloat+extension.swift"; sourceTree = "<group>"; };
		F1F16ABE2353BE6F009E4359 /* UIColor+extensions.swift */ = {isa = PBXFileReference; lastKnownFileType = sourcecode.swift; path = "UIColor+extensions.swift"; sourceTree = "<group>"; };
		F1F5D0C8233A63FD000609A9 /* CodeChallange.app */ = {isa = PBXFileReference; explicitFileType = wrapper.application; includeInIndex = 0; path = CodeChallange.app; sourceTree = BUILT_PRODUCTS_DIR; };
		F1F5D0CB233A63FD000609A9 /* AppDelegate.swift */ = {isa = PBXFileReference; lastKnownFileType = sourcecode.swift; path = AppDelegate.swift; sourceTree = "<group>"; };
		F1F5D0CD233A63FD000609A9 /* ViewController.swift */ = {isa = PBXFileReference; lastKnownFileType = sourcecode.swift; path = ViewController.swift; sourceTree = "<group>"; };
		F1F5D0D0233A63FD000609A9 /* Base */ = {isa = PBXFileReference; lastKnownFileType = file.storyboard; name = Base; path = Base.lproj/Main.storyboard; sourceTree = "<group>"; };
		F1F5D0D2233A6400000609A9 /* Assets.xcassets */ = {isa = PBXFileReference; lastKnownFileType = folder.assetcatalog; path = Assets.xcassets; sourceTree = "<group>"; };
		F1F5D0D5233A6400000609A9 /* Base */ = {isa = PBXFileReference; lastKnownFileType = file.storyboard; name = Base; path = Base.lproj/LaunchScreen.storyboard; sourceTree = "<group>"; };
		F1F5D0D7233A6400000609A9 /* Info.plist */ = {isa = PBXFileReference; lastKnownFileType = text.plist.xml; path = Info.plist; sourceTree = "<group>"; };
		F1F5D0DC233A6400000609A9 /* CodeChallangeTests.xctest */ = {isa = PBXFileReference; explicitFileType = wrapper.cfbundle; includeInIndex = 0; path = CodeChallangeTests.xctest; sourceTree = BUILT_PRODUCTS_DIR; };
		F1F5D0E0233A6400000609A9 /* CodeChallangeTests.swift */ = {isa = PBXFileReference; lastKnownFileType = sourcecode.swift; path = CodeChallangeTests.swift; sourceTree = "<group>"; };
		F1F5D0E2233A6400000609A9 /* Info.plist */ = {isa = PBXFileReference; lastKnownFileType = text.plist.xml; path = Info.plist; sourceTree = "<group>"; };
		F1F5D0E7233A6400000609A9 /* CodeChallangeUITests.xctest */ = {isa = PBXFileReference; explicitFileType = wrapper.cfbundle; includeInIndex = 0; path = CodeChallangeUITests.xctest; sourceTree = BUILT_PRODUCTS_DIR; };
		F1F5D0EB233A6400000609A9 /* CodeChallangeUITests.swift */ = {isa = PBXFileReference; lastKnownFileType = sourcecode.swift; path = CodeChallangeUITests.swift; sourceTree = "<group>"; };
		F1F5D0ED233A6400000609A9 /* Info.plist */ = {isa = PBXFileReference; lastKnownFileType = text.plist.xml; path = Info.plist; sourceTree = "<group>"; };
		F1F5D0F9233A6ACB000609A9 /* CV.swift */ = {isa = PBXFileReference; lastKnownFileType = sourcecode.swift; path = CV.swift; sourceTree = "<group>"; };
		F1F5D0FB233A6CE7000609A9 /* CVViewController.swift */ = {isa = PBXFileReference; lastKnownFileType = sourcecode.swift; path = CVViewController.swift; sourceTree = "<group>"; };
		F1F5D0FD233A6CF8000609A9 /* CVViewControllerViewModel.swift */ = {isa = PBXFileReference; lastKnownFileType = sourcecode.swift; path = CVViewControllerViewModel.swift; sourceTree = "<group>"; };
		F1F5D101233A6FE0000609A9 /* CVGroupTableViewCell.swift */ = {isa = PBXFileReference; lastKnownFileType = sourcecode.swift; path = CVGroupTableViewCell.swift; sourceTree = "<group>"; };
		F1F5D108233A7182000609A9 /* CVItem.swift */ = {isa = PBXFileReference; lastKnownFileType = sourcecode.swift; path = CVItem.swift; sourceTree = "<group>"; };
		F1F5D10C233A71C0000609A9 /* CVItemTableViewCellContent.swift */ = {isa = PBXFileReference; lastKnownFileType = sourcecode.swift; path = CVItemTableViewCellContent.swift; sourceTree = "<group>"; };
		F1F5D10E233A71D9000609A9 /* CVGroupTableViewCellViewModel.swift */ = {isa = PBXFileReference; lastKnownFileType = sourcecode.swift; path = CVGroupTableViewCellViewModel.swift; sourceTree = "<group>"; };
		F1F5D110233A71E8000609A9 /* CVGroupTableViewContent.swift */ = {isa = PBXFileReference; lastKnownFileType = sourcecode.swift; path = CVGroupTableViewContent.swift; sourceTree = "<group>"; };
		F1F5D113233A72DC000609A9 /* UIViewController+extensions.swift */ = {isa = PBXFileReference; lastKnownFileType = sourcecode.swift; path = "UIViewController+extensions.swift"; sourceTree = "<group>"; };
		F1F5D115233A7330000609A9 /* UIView+extensions.swift */ = {isa = PBXFileReference; lastKnownFileType = sourcecode.swift; path = "UIView+extensions.swift"; sourceTree = "<group>"; };
		F1F5D117233BED7B000609A9 /* CVBlockItem.swift */ = {isa = PBXFileReference; lastKnownFileType = sourcecode.swift; path = CVBlockItem.swift; sourceTree = "<group>"; };
/* End PBXFileReference section */

/* Begin PBXFrameworksBuildPhase section */
		F1F5D0C5233A63FD000609A9 /* Frameworks */ = {
			isa = PBXFrameworksBuildPhase;
			buildActionMask = 2147483647;
			files = (
			);
			runOnlyForDeploymentPostprocessing = 0;
		};
		F1F5D0D9233A6400000609A9 /* Frameworks */ = {
			isa = PBXFrameworksBuildPhase;
			buildActionMask = 2147483647;
			files = (
			);
			runOnlyForDeploymentPostprocessing = 0;
		};
		F1F5D0E4233A6400000609A9 /* Frameworks */ = {
			isa = PBXFrameworksBuildPhase;
			buildActionMask = 2147483647;
			files = (
			);
			runOnlyForDeploymentPostprocessing = 0;
		};
/* End PBXFrameworksBuildPhase section */

/* Begin PBXGroup section */
		F1F5D0BF233A63FD000609A9 = {
			isa = PBXGroup;
			children = (
				F1F5D0CA233A63FD000609A9 /* CodeChallange */,
				F1F5D0DF233A6400000609A9 /* CodeChallangeTests */,
				F1F5D0EA233A6400000609A9 /* CodeChallangeUITests */,
				F1F5D0C9233A63FD000609A9 /* Products */,
			);
			sourceTree = "<group>";
		};
		F1F5D0C9233A63FD000609A9 /* Products */ = {
			isa = PBXGroup;
			children = (
				F1F5D0C8233A63FD000609A9 /* CodeChallange.app */,
				F1F5D0DC233A6400000609A9 /* CodeChallangeTests.xctest */,
				F1F5D0E7233A6400000609A9 /* CodeChallangeUITests.xctest */,
			);
			name = Products;
			sourceTree = "<group>";
		};
		F1F5D0CA233A63FD000609A9 /* CodeChallange */ = {
			isa = PBXGroup;
			children = (
				F1F5D112233A72BF000609A9 /* Extensions */,
				F1F5D0FF233A6D03000609A9 /* CVViewController */,
				F1F5D0CB233A63FD000609A9 /* AppDelegate.swift */,
				F1F5D0CD233A63FD000609A9 /* ViewController.swift */,
				F1A708A72354AEFA00CBDD12 /* SalomeTsiramuaCV.pdf */,
				F1F5D0CF233A63FD000609A9 /* Main.storyboard */,
				F1F5D0D2233A6400000609A9 /* Assets.xcassets */,
				F1F5D0D4233A6400000609A9 /* LaunchScreen.storyboard */,
				F1F5D0D7233A6400000609A9 /* Info.plist */,
			);
			path = CodeChallange;
			sourceTree = "<group>";
		};
		F1F5D0DF233A6400000609A9 /* CodeChallangeTests */ = {
			isa = PBXGroup;
			children = (
				F1F5D0E0233A6400000609A9 /* CodeChallangeTests.swift */,
				F1F5D0E2233A6400000609A9 /* Info.plist */,
				F1F16AB523538E7F009E4359 /* ExtensionTests.swift */,
				F1F16AB823539416009E4359 /* CVItemTests.swift */,
			);
			path = CodeChallangeTests;
			sourceTree = "<group>";
		};
		F1F5D0EA233A6400000609A9 /* CodeChallangeUITests */ = {
			isa = PBXGroup;
			children = (
				F1F5D0EB233A6400000609A9 /* CodeChallangeUITests.swift */,
				F1F5D0ED233A6400000609A9 /* Info.plist */,
			);
			path = CodeChallangeUITests;
			sourceTree = "<group>";
		};
		F1F5D0FF233A6D03000609A9 /* CVViewController */ = {
			isa = PBXGroup;
			children = (
				F1F5D105233A70FF000609A9 /* Model */,
				F1F5D100233A6FAC000609A9 /* Cells */,
				F1F5D0FB233A6CE7000609A9 /* CVViewController.swift */,
				F1F5D0FD233A6CF8000609A9 /* CVViewControllerViewModel.swift */,
				F1F16ABA2353B155009E4359 /* SpinnerViewController.swift */,
			);
			path = CVViewController;
			sourceTree = "<group>";
		};
		F1F5D100233A6FAC000609A9 /* Cells */ = {
			isa = PBXGroup;
			children = (
				F1F5D101233A6FE0000609A9 /* CVGroupTableViewCell.swift */,
				F1F5D10C233A71C0000609A9 /* CVItemTableViewCellContent.swift */,
				F1F5D10E233A71D9000609A9 /* CVGroupTableViewCellViewModel.swift */,
				F1F5D110233A71E8000609A9 /* CVGroupTableViewContent.swift */,
			);
			path = Cells;
			sourceTree = "<group>";
		};
		F1F5D105233A70FF000609A9 /* Model */ = {
			isa = PBXGroup;
			children = (
				F1F5D0F9233A6ACB000609A9 /* CV.swift */,
				F1F5D108233A7182000609A9 /* CVItem.swift */,
				F1F5D117233BED7B000609A9 /* CVBlockItem.swift */,
				F1F16AB12352FD94009E4359 /* Services.swift */,
				F1F16AB323530FC8009E4359 /* CodableModels.swift */,
			);
			path = Model;
			sourceTree = "<group>";
		};
		F1F5D112233A72BF000609A9 /* Extensions */ = {
			isa = PBXGroup;
			children = (
				F1F5D113233A72DC000609A9 /* UIViewController+extensions.swift */,
				F1F5D115233A7330000609A9 /* UIView+extensions.swift */,
				F1F16ABC2353BE4C009E4359 /* CGFloat+extension.swift */,
				F1A708A32353C06B00CBDD12 /* Response+extensions.swift */,
				F1F16ABE2353BE6F009E4359 /* UIColor+extensions.swift */,
				F1A708A52354A64000CBDD12 /* UIImageView+extensions.swift */,
			);
			path = Extensions;
			sourceTree = "<group>";
		};
/* End PBXGroup section */

/* Begin PBXNativeTarget section */
		F1F5D0C7233A63FD000609A9 /* CodeChallange */ = {
			isa = PBXNativeTarget;
			buildConfigurationList = F1F5D0F0233A6400000609A9 /* Build configuration list for PBXNativeTarget "CodeChallange" */;
			buildPhases = (
				F1F5D0C4233A63FD000609A9 /* Sources */,
				F1F5D0C5233A63FD000609A9 /* Frameworks */,
				F1F5D0C6233A63FD000609A9 /* Resources */,
			);
			buildRules = (
			);
			dependencies = (
			);
			name = CodeChallange;
			productName = CodeChallange;
			productReference = F1F5D0C8233A63FD000609A9 /* CodeChallange.app */;
			productType = "com.apple.product-type.application";
		};
		F1F5D0DB233A6400000609A9 /* CodeChallangeTests */ = {
			isa = PBXNativeTarget;
			buildConfigurationList = F1F5D0F3233A6400000609A9 /* Build configuration list for PBXNativeTarget "CodeChallangeTests" */;
			buildPhases = (
				F1F5D0D8233A6400000609A9 /* Sources */,
				F1F5D0D9233A6400000609A9 /* Frameworks */,
				F1F5D0DA233A6400000609A9 /* Resources */,
			);
			buildRules = (
			);
			dependencies = (
				F1F5D0DE233A6400000609A9 /* PBXTargetDependency */,
			);
			name = CodeChallangeTests;
			productName = CodeChallangeTests;
			productReference = F1F5D0DC233A6400000609A9 /* CodeChallangeTests.xctest */;
			productType = "com.apple.product-type.bundle.unit-test";
		};
		F1F5D0E6233A6400000609A9 /* CodeChallangeUITests */ = {
			isa = PBXNativeTarget;
			buildConfigurationList = F1F5D0F6233A6400000609A9 /* Build configuration list for PBXNativeTarget "CodeChallangeUITests" */;
			buildPhases = (
				F1F5D0E3233A6400000609A9 /* Sources */,
				F1F5D0E4233A6400000609A9 /* Frameworks */,
				F1F5D0E5233A6400000609A9 /* Resources */,
			);
			buildRules = (
			);
			dependencies = (
				F1F5D0E9233A6400000609A9 /* PBXTargetDependency */,
			);
			name = CodeChallangeUITests;
			productName = CodeChallangeUITests;
			productReference = F1F5D0E7233A6400000609A9 /* CodeChallangeUITests.xctest */;
			productType = "com.apple.product-type.bundle.ui-testing";
		};
/* End PBXNativeTarget section */

/* Begin PBXProject section */
		F1F5D0C0233A63FD000609A9 /* Project object */ = {
			isa = PBXProject;
			attributes = {
				LastSwiftUpdateCheck = 1030;
				LastUpgradeCheck = 1030;
				ORGANIZATIONNAME = "Salome Tsiramua";
				TargetAttributes = {
					F1F5D0C7233A63FD000609A9 = {
						CreatedOnToolsVersion = 10.3;
					};
					F1F5D0DB233A6400000609A9 = {
						CreatedOnToolsVersion = 10.3;
						TestTargetID = F1F5D0C7233A63FD000609A9;
					};
					F1F5D0E6233A6400000609A9 = {
						CreatedOnToolsVersion = 10.3;
						TestTargetID = F1F5D0C7233A63FD000609A9;
					};
				};
			};
			buildConfigurationList = F1F5D0C3233A63FD000609A9 /* Build configuration list for PBXProject "CodeChallange" */;
			compatibilityVersion = "Xcode 9.3";
			developmentRegion = en;
			hasScannedForEncodings = 0;
			knownRegions = (
				en,
				Base,
			);
			mainGroup = F1F5D0BF233A63FD000609A9;
			productRefGroup = F1F5D0C9233A63FD000609A9 /* Products */;
			projectDirPath = "";
			projectRoot = "";
			targets = (
				F1F5D0C7233A63FD000609A9 /* CodeChallange */,
				F1F5D0DB233A6400000609A9 /* CodeChallangeTests */,
				F1F5D0E6233A6400000609A9 /* CodeChallangeUITests */,
			);
		};
/* End PBXProject section */

/* Begin PBXResourcesBuildPhase section */
		F1F5D0C6233A63FD000609A9 /* Resources */ = {
			isa = PBXResourcesBuildPhase;
			buildActionMask = 2147483647;
			files = (
				F1A708A82354AEFB00CBDD12 /* SalomeTsiramuaCV.pdf in Resources */,
				F1F5D0D6233A6400000609A9 /* LaunchScreen.storyboard in Resources */,
				F1F5D0D3233A6400000609A9 /* Assets.xcassets in Resources */,
				F1F5D0D1233A63FD000609A9 /* Main.storyboard in Resources */,
			);
			runOnlyForDeploymentPostprocessing = 0;
		};
		F1F5D0DA233A6400000609A9 /* Resources */ = {
			isa = PBXResourcesBuildPhase;
			buildActionMask = 2147483647;
			files = (
			);
			runOnlyForDeploymentPostprocessing = 0;
		};
		F1F5D0E5233A6400000609A9 /* Resources */ = {
			isa = PBXResourcesBuildPhase;
			buildActionMask = 2147483647;
			files = (
			);
			runOnlyForDeploymentPostprocessing = 0;
		};
/* End PBXResourcesBuildPhase section */

/* Begin PBXSourcesBuildPhase section */
		F1F5D0C4233A63FD000609A9 /* Sources */ = {
			isa = PBXSourcesBuildPhase;
			buildActionMask = 2147483647;
			files = (
				F1F5D0CE233A63FD000609A9 /* ViewController.swift in Sources */,
				F1F5D114233A72DC000609A9 /* UIViewController+extensions.swift in Sources */,
				F1F16ABD2353BE4C009E4359 /* CGFloat+extension.swift in Sources */,
				F1F5D109233A7182000609A9 /* CVItem.swift in Sources */,
				F1F5D111233A71E8000609A9 /* CVGroupTableViewContent.swift in Sources */,
				F1F16ABF2353BE6F009E4359 /* UIColor+extensions.swift in Sources */,
				F1F5D116233A7330000609A9 /* UIView+extensions.swift in Sources */,
				F1F5D0FC233A6CE7000609A9 /* CVViewController.swift in Sources */,
				F1A708A42353C06B00CBDD12 /* Response+extensions.swift in Sources */,
				F1F5D118233BED7B000609A9 /* CVBlockItem.swift in Sources */,
				F1F5D102233A6FE0000609A9 /* CVGroupTableViewCell.swift in Sources */,
				F1F5D0CC233A63FD000609A9 /* AppDelegate.swift in Sources */,
				F1F5D0FE233A6CF8000609A9 /* CVViewControllerViewModel.swift in Sources */,
				F1F5D10D233A71C0000609A9 /* CVItemTableViewCellContent.swift in Sources */,
				F1F16AB22352FD94009E4359 /* Services.swift in Sources */,
				F1F16AB423530FC8009E4359 /* CodableModels.swift in Sources */,
				F1F5D0FA233A6ACB000609A9 /* CV.swift in Sources */,
				F1F16ABB2353B155009E4359 /* SpinnerViewController.swift in Sources */,
				F1A708A62354A64000CBDD12 /* UIImageView+extensions.swift in Sources */,
				F1F5D10F233A71D9000609A9 /* CVGroupTableViewCellViewModel.swift in Sources */,
			);
			runOnlyForDeploymentPostprocessing = 0;
		};
		F1F5D0D8233A6400000609A9 /* Sources */ = {
			isa = PBXSourcesBuildPhase;
			buildActionMask = 2147483647;
			files = (
				F1F5D0E1233A6400000609A9 /* CodeChallangeTests.swift in Sources */,
				F1F16AB923539416009E4359 /* CVItemTests.swift in Sources */,
				F1F16AB623538E7F009E4359 /* ExtensionTests.swift in Sources */,
			);
			runOnlyForDeploymentPostprocessing = 0;
		};
		F1F5D0E3233A6400000609A9 /* Sources */ = {
			isa = PBXSourcesBuildPhase;
			buildActionMask = 2147483647;
			files = (
				F1F5D0EC233A6400000609A9 /* CodeChallangeUITests.swift in Sources */,
			);
			runOnlyForDeploymentPostprocessing = 0;
		};
/* End PBXSourcesBuildPhase section */

/* Begin PBXTargetDependency section */
		F1F5D0DE233A6400000609A9 /* PBXTargetDependency */ = {
			isa = PBXTargetDependency;
			target = F1F5D0C7233A63FD000609A9 /* CodeChallange */;
			targetProxy = F1F5D0DD233A6400000609A9 /* PBXContainerItemProxy */;
		};
		F1F5D0E9233A6400000609A9 /* PBXTargetDependency */ = {
			isa = PBXTargetDependency;
			target = F1F5D0C7233A63FD000609A9 /* CodeChallange */;
			targetProxy = F1F5D0E8233A6400000609A9 /* PBXContainerItemProxy */;
		};
/* End PBXTargetDependency section */

/* Begin PBXVariantGroup section */
		F1F5D0CF233A63FD000609A9 /* Main.storyboard */ = {
			isa = PBXVariantGroup;
			children = (
				F1F5D0D0233A63FD000609A9 /* Base */,
			);
			name = Main.storyboard;
			sourceTree = "<group>";
		};
		F1F5D0D4233A6400000609A9 /* LaunchScreen.storyboard */ = {
			isa = PBXVariantGroup;
			children = (
				F1F5D0D5233A6400000609A9 /* Base */,
			);
			name = LaunchScreen.storyboard;
			sourceTree = "<group>";
		};
/* End PBXVariantGroup section */

/* Begin XCBuildConfiguration section */
		F1F5D0EE233A6400000609A9 /* Debug */ = {
			isa = XCBuildConfiguration;
			buildSettings = {
				ALWAYS_SEARCH_USER_PATHS = NO;
				CLANG_ANALYZER_NONNULL = YES;
				CLANG_ANALYZER_NUMBER_OBJECT_CONVERSION = YES_AGGRESSIVE;
				CLANG_CXX_LANGUAGE_STANDARD = "gnu++14";
				CLANG_CXX_LIBRARY = "libc++";
				CLANG_ENABLE_MODULES = YES;
				CLANG_ENABLE_OBJC_ARC = YES;
				CLANG_ENABLE_OBJC_WEAK = YES;
				CLANG_WARN_BLOCK_CAPTURE_AUTORELEASING = YES;
				CLANG_WARN_BOOL_CONVERSION = YES;
				CLANG_WARN_COMMA = YES;
				CLANG_WARN_CONSTANT_CONVERSION = YES;
				CLANG_WARN_DEPRECATED_OBJC_IMPLEMENTATIONS = YES;
				CLANG_WARN_DIRECT_OBJC_ISA_USAGE = YES_ERROR;
				CLANG_WARN_DOCUMENTATION_COMMENTS = YES;
				CLANG_WARN_EMPTY_BODY = YES;
				CLANG_WARN_ENUM_CONVERSION = YES;
				CLANG_WARN_INFINITE_RECURSION = YES;
				CLANG_WARN_INT_CONVERSION = YES;
				CLANG_WARN_NON_LITERAL_NULL_CONVERSION = YES;
				CLANG_WARN_OBJC_IMPLICIT_RETAIN_SELF = YES;
				CLANG_WARN_OBJC_LITERAL_CONVERSION = YES;
				CLANG_WARN_OBJC_ROOT_CLASS = YES_ERROR;
				CLANG_WARN_RANGE_LOOP_ANALYSIS = YES;
				CLANG_WARN_STRICT_PROTOTYPES = YES;
				CLANG_WARN_SUSPICIOUS_MOVE = YES;
				CLANG_WARN_UNGUARDED_AVAILABILITY = YES_AGGRESSIVE;
				CLANG_WARN_UNREACHABLE_CODE = YES;
				CLANG_WARN__DUPLICATE_METHOD_MATCH = YES;
				CODE_SIGN_IDENTITY = "iPhone Developer";
				COPY_PHASE_STRIP = NO;
				DEBUG_INFORMATION_FORMAT = dwarf;
				ENABLE_STRICT_OBJC_MSGSEND = YES;
				ENABLE_TESTABILITY = YES;
				GCC_C_LANGUAGE_STANDARD = gnu11;
				GCC_DYNAMIC_NO_PIC = NO;
				GCC_NO_COMMON_BLOCKS = YES;
				GCC_OPTIMIZATION_LEVEL = 0;
				GCC_PREPROCESSOR_DEFINITIONS = (
					"DEBUG=1",
					"$(inherited)",
				);
				GCC_WARN_64_TO_32_BIT_CONVERSION = YES;
				GCC_WARN_ABOUT_RETURN_TYPE = YES_ERROR;
				GCC_WARN_UNDECLARED_SELECTOR = YES;
				GCC_WARN_UNINITIALIZED_AUTOS = YES_AGGRESSIVE;
				GCC_WARN_UNUSED_FUNCTION = YES;
				GCC_WARN_UNUSED_VARIABLE = YES;
				IPHONEOS_DEPLOYMENT_TARGET = 12.4;
				MTL_ENABLE_DEBUG_INFO = INCLUDE_SOURCE;
				MTL_FAST_MATH = YES;
				ONLY_ACTIVE_ARCH = YES;
				SDKROOT = iphoneos;
				SWIFT_ACTIVE_COMPILATION_CONDITIONS = DEBUG;
				SWIFT_OPTIMIZATION_LEVEL = "-Onone";
			};
			name = Debug;
		};
		F1F5D0EF233A6400000609A9 /* Release */ = {
			isa = XCBuildConfiguration;
			buildSettings = {
				ALWAYS_SEARCH_USER_PATHS = NO;
				CLANG_ANALYZER_NONNULL = YES;
				CLANG_ANALYZER_NUMBER_OBJECT_CONVERSION = YES_AGGRESSIVE;
				CLANG_CXX_LANGUAGE_STANDARD = "gnu++14";
				CLANG_CXX_LIBRARY = "libc++";
				CLANG_ENABLE_MODULES = YES;
				CLANG_ENABLE_OBJC_ARC = YES;
				CLANG_ENABLE_OBJC_WEAK = YES;
				CLANG_WARN_BLOCK_CAPTURE_AUTORELEASING = YES;
				CLANG_WARN_BOOL_CONVERSION = YES;
				CLANG_WARN_COMMA = YES;
				CLANG_WARN_CONSTANT_CONVERSION = YES;
				CLANG_WARN_DEPRECATED_OBJC_IMPLEMENTATIONS = YES;
				CLANG_WARN_DIRECT_OBJC_ISA_USAGE = YES_ERROR;
				CLANG_WARN_DOCUMENTATION_COMMENTS = YES;
				CLANG_WARN_EMPTY_BODY = YES;
				CLANG_WARN_ENUM_CONVERSION = YES;
				CLANG_WARN_INFINITE_RECURSION = YES;
				CLANG_WARN_INT_CONVERSION = YES;
				CLANG_WARN_NON_LITERAL_NULL_CONVERSION = YES;
				CLANG_WARN_OBJC_IMPLICIT_RETAIN_SELF = YES;
				CLANG_WARN_OBJC_LITERAL_CONVERSION = YES;
				CLANG_WARN_OBJC_ROOT_CLASS = YES_ERROR;
				CLANG_WARN_RANGE_LOOP_ANALYSIS = YES;
				CLANG_WARN_STRICT_PROTOTYPES = YES;
				CLANG_WARN_SUSPICIOUS_MOVE = YES;
				CLANG_WARN_UNGUARDED_AVAILABILITY = YES_AGGRESSIVE;
				CLANG_WARN_UNREACHABLE_CODE = YES;
				CLANG_WARN__DUPLICATE_METHOD_MATCH = YES;
				CODE_SIGN_IDENTITY = "iPhone Developer";
				COPY_PHASE_STRIP = NO;
				DEBUG_INFORMATION_FORMAT = "dwarf-with-dsym";
				ENABLE_NS_ASSERTIONS = NO;
				ENABLE_STRICT_OBJC_MSGSEND = YES;
				GCC_C_LANGUAGE_STANDARD = gnu11;
				GCC_NO_COMMON_BLOCKS = YES;
				GCC_WARN_64_TO_32_BIT_CONVERSION = YES;
				GCC_WARN_ABOUT_RETURN_TYPE = YES_ERROR;
				GCC_WARN_UNDECLARED_SELECTOR = YES;
				GCC_WARN_UNINITIALIZED_AUTOS = YES_AGGRESSIVE;
				GCC_WARN_UNUSED_FUNCTION = YES;
				GCC_WARN_UNUSED_VARIABLE = YES;
				IPHONEOS_DEPLOYMENT_TARGET = 12.4;
				MTL_ENABLE_DEBUG_INFO = NO;
				MTL_FAST_MATH = YES;
				SDKROOT = iphoneos;
				SWIFT_COMPILATION_MODE = wholemodule;
				SWIFT_OPTIMIZATION_LEVEL = "-O";
				VALIDATE_PRODUCT = YES;
			};
			name = Release;
		};
		F1F5D0F1233A6400000609A9 /* Debug */ = {
			isa = XCBuildConfiguration;
			buildSettings = {
				ASSETCATALOG_COMPILER_APPICON_NAME = AppIcon;
				CODE_SIGN_STYLE = Automatic;
				INFOPLIST_FILE = CodeChallange/Info.plist;
				IPHONEOS_DEPLOYMENT_TARGET = 10.0;
				LD_RUNPATH_SEARCH_PATHS = (
					"$(inherited)",
					"@executable_path/Frameworks",
				);
				PRODUCT_BUNDLE_IDENTIFIER = com.salome.CodeChallange;
				PRODUCT_NAME = "$(TARGET_NAME)";
				SWIFT_VERSION = 4.2;
				TARGETED_DEVICE_FAMILY = 1;
			};
			name = Debug;
		};
		F1F5D0F2233A6400000609A9 /* Release */ = {
			isa = XCBuildConfiguration;
			buildSettings = {
				ASSETCATALOG_COMPILER_APPICON_NAME = AppIcon;
				CODE_SIGN_STYLE = Automatic;
				INFOPLIST_FILE = CodeChallange/Info.plist;
				IPHONEOS_DEPLOYMENT_TARGET = 10.0;
				LD_RUNPATH_SEARCH_PATHS = (
					"$(inherited)",
					"@executable_path/Frameworks",
				);
				PRODUCT_BUNDLE_IDENTIFIER = com.salome.CodeChallange;
				PRODUCT_NAME = "$(TARGET_NAME)";
				SWIFT_VERSION = 4.2;
				TARGETED_DEVICE_FAMILY = 1;
			};
			name = Release;
		};
		F1F5D0F4233A6400000609A9 /* Debug */ = {
			isa = XCBuildConfiguration;
			buildSettings = {
				ALWAYS_EMBED_SWIFT_STANDARD_LIBRARIES = YES;
				BUNDLE_LOADER = "$(TEST_HOST)";
				CODE_SIGN_STYLE = Automatic;
				INFOPLIST_FILE = CodeChallangeTests/Info.plist;
				LD_RUNPATH_SEARCH_PATHS = (
					"$(inherited)",
					"@executable_path/Frameworks",
					"@loader_path/Frameworks",
				);
				PRODUCT_BUNDLE_IDENTIFIER = com.salome.CodeChallangeTests;
				PRODUCT_NAME = "$(TARGET_NAME)";
				SWIFT_VERSION = 5.0;
				TARGETED_DEVICE_FAMILY = "1,2";
				TEST_HOST = "$(BUILT_PRODUCTS_DIR)/CodeChallange.app/CodeChallange";
			};
			name = Debug;
		};
		F1F5D0F5233A6400000609A9 /* Release */ = {
			isa = XCBuildConfiguration;
			buildSettings = {
				ALWAYS_EMBED_SWIFT_STANDARD_LIBRARIES = YES;
				BUNDLE_LOADER = "$(TEST_HOST)";
				CODE_SIGN_STYLE = Automatic;
				INFOPLIST_FILE = CodeChallangeTests/Info.plist;
				LD_RUNPATH_SEARCH_PATHS = (
					"$(inherited)",
					"@executable_path/Frameworks",
					"@loader_path/Frameworks",
				);
				PRODUCT_BUNDLE_IDENTIFIER = com.salome.CodeChallangeTests;
				PRODUCT_NAME = "$(TARGET_NAME)";
				SWIFT_VERSION = 5.0;
				TARGETED_DEVICE_FAMILY = "1,2";
				TEST_HOST = "$(BUILT_PRODUCTS_DIR)/CodeChallange.app/CodeChallange";
			};
			name = Release;
		};
		F1F5D0F7233A6400000609A9 /* Debug */ = {
			isa = XCBuildConfiguration;
			buildSettings = {
				ALWAYS_EMBED_SWIFT_STANDARD_LIBRARIES = YES;
				CODE_SIGN_STYLE = Automatic;
				INFOPLIST_FILE = CodeChallangeUITests/Info.plist;
				LD_RUNPATH_SEARCH_PATHS = (
					"$(inherited)",
					"@executable_path/Frameworks",
					"@loader_path/Frameworks",
				);
				PRODUCT_BUNDLE_IDENTIFIER = com.salome.CodeChallangeUITests;
				PRODUCT_NAME = "$(TARGET_NAME)";
				SWIFT_VERSION = 5.0;
				TARGETED_DEVICE_FAMILY = "1,2";
				TEST_TARGET_NAME = CodeChallange;
			};
			name = Debug;
		};
		F1F5D0F8233A6400000609A9 /* Release */ = {
			isa = XCBuildConfiguration;
			buildSettings = {
				ALWAYS_EMBED_SWIFT_STANDARD_LIBRARIES = YES;
				CODE_SIGN_STYLE = Automatic;
				INFOPLIST_FILE = CodeChallangeUITests/Info.plist;
				LD_RUNPATH_SEARCH_PATHS = (
					"$(inherited)",
					"@executable_path/Frameworks",
					"@loader_path/Frameworks",
				);
				PRODUCT_BUNDLE_IDENTIFIER = com.salome.CodeChallangeUITests;
				PRODUCT_NAME = "$(TARGET_NAME)";
				SWIFT_VERSION = 5.0;
				TARGETED_DEVICE_FAMILY = "1,2";
				TEST_TARGET_NAME = CodeChallange;
			};
			name = Release;
		};
/* End XCBuildConfiguration section */

/* Begin XCConfigurationList section */
		F1F5D0C3233A63FD000609A9 /* Build configuration list for PBXProject "CodeChallange" */ = {
			isa = XCConfigurationList;
			buildConfigurations = (
				F1F5D0EE233A6400000609A9 /* Debug */,
				F1F5D0EF233A6400000609A9 /* Release */,
			);
			defaultConfigurationIsVisible = 0;
			defaultConfigurationName = Release;
		};
		F1F5D0F0233A6400000609A9 /* Build configuration list for PBXNativeTarget "CodeChallange" */ = {
			isa = XCConfigurationList;
			buildConfigurations = (
				F1F5D0F1233A6400000609A9 /* Debug */,
				F1F5D0F2233A6400000609A9 /* Release */,
			);
			defaultConfigurationIsVisible = 0;
			defaultConfigurationName = Release;
		};
		F1F5D0F3233A6400000609A9 /* Build configuration list for PBXNativeTarget "CodeChallangeTests" */ = {
			isa = XCConfigurationList;
			buildConfigurations = (
				F1F5D0F4233A6400000609A9 /* Debug */,
				F1F5D0F5233A6400000609A9 /* Release */,
			);
			defaultConfigurationIsVisible = 0;
			defaultConfigurationName = Release;
		};
		F1F5D0F6233A6400000609A9 /* Build configuration list for PBXNativeTarget "CodeChallangeUITests" */ = {
			isa = XCConfigurationList;
			buildConfigurations = (
				F1F5D0F7233A6400000609A9 /* Debug */,
				F1F5D0F8233A6400000609A9 /* Release */,
			);
			defaultConfigurationIsVisible = 0;
			defaultConfigurationName = Release;
		};
/* End XCConfigurationList section */
	};
	rootObject = F1F5D0C0233A63FD000609A9 /* Project object */;
}
